
Microsoft Visual Studio Solution File, Format Version 12.00
# Visual Studio Version 17
VisualStudioVersion = 17.6.33829.357
MinimumVisualStudioVersion = 10.0.40219.1
Project("{888888A0-9F3D-457C-B088-3A5042F75D52}") = "SJK 002", "SJK 002\SJK 002.pyproj", "{D79DC533-A106-4F5F-8917-7579276655AF}"
EndProject
Global
	GlobalSection(SolutionConfigurationPlatforms) = preSolution
		Debug|Any CPU = Debug|Any CPU
		Release|Any CPU = Release|Any CPU
	EndGlobalSection
	GlobalSection(ProjectConfigurationPlatforms) = postSolution
		{D79DC533-A106-4F5F-8917-7579276655AF}.Debug|Any CPU.ActiveCfg = Debug|Any CPU
		{D79DC533-A106-4F5F-8917-7579276655AF}.Release|Any CPU.ActiveCfg = Release|Any CPU
	EndGlobalSection
	GlobalSection(SolutionProperties) = preSolution
		HideSolutionNode = FALSE
	EndGlobalSection
	GlobalSection(ExtensibilityGlobals) = postSolution
		SolutionGuid = {A944E2D4-4CEA-4DFA-8321-38C7CAD662A4}
	EndGlobalSection
EndGlobal
